
Microsoft Visual Studio Solution File, Format Version 12.00
Project("{FAE04EC0-301F-11D3-BF4B-00C04F79EFBC}") = "Entitas.Generic", "Entitas.Generic\Entitas.Generic.csproj", "{AC9D294B-F10A-47F2-A557-925D497BDADC}"
EndProject
Project("{FAE04EC0-301F-11D3-BF4B-00C04F79EFBC}") = "Entitas.Generic.Events", "Entitas.Generic.Events\Entitas.Generic.Events.csproj", "{499C2104-A8AF-4AA9-8024-0A3961D44460}"
EndProject
Project("{2150E333-8FDC-42A3-9474-1A3956D46DE8}") = "Tests", "Tests", "{B39D8E08-2F5D-4E26-9EA8-F0413CFFF99A}"
EndProject
Project("{FAE04EC0-301F-11D3-BF4B-00C04F79EFBC}") = "Tests", "Tests\Tests\Tests.csproj", "{92A628D4-916C-4BCF-A816-55F3B4691F26}"
EndProject
Project("{FAE04EC0-301F-11D3-BF4B-00C04F79EFBC}") = "Tests_Performance", "Tests\Tests_Performance\Tests_Performance.csproj", "{B529BEE1-A649-40BD-9F21-CC1301C4E60D}"
EndProject
Global
	GlobalSection(SolutionConfigurationPlatforms) = preSolution
		Debug|Any CPU = Debug|Any CPU
		Release|Any CPU = Release|Any CPU
	EndGlobalSection
	GlobalSection(ProjectConfigurationPlatforms) = postSolution
		{AC9D294B-F10A-47F2-A557-925D497BDADC}.Debug|Any CPU.ActiveCfg = Debug|Any CPU
		{AC9D294B-F10A-47F2-A557-925D497BDADC}.Debug|Any CPU.Build.0 = Debug|Any CPU
		{AC9D294B-F10A-47F2-A557-925D497BDADC}.Release|Any CPU.ActiveCfg = Release|Any CPU
		{AC9D294B-F10A-47F2-A557-925D497BDADC}.Release|Any CPU.Build.0 = Release|Any CPU
		{499C2104-A8AF-4AA9-8024-0A3961D44460}.Debug|Any CPU.ActiveCfg = Debug|Any CPU
		{499C2104-A8AF-4AA9-8024-0A3961D44460}.Debug|Any CPU.Build.0 = Debug|Any CPU
		{499C2104-A8AF-4AA9-8024-0A3961D44460}.Release|Any CPU.ActiveCfg = Release|Any CPU
		{499C2104-A8AF-4AA9-8024-0A3961D44460}.Release|Any CPU.Build.0 = Release|Any CPU
		{92A628D4-916C-4BCF-A816-55F3B4691F26}.Debug|Any CPU.ActiveCfg = Debug|Any CPU
		{92A628D4-916C-4BCF-A816-55F3B4691F26}.Debug|Any CPU.Build.0 = Debug|Any CPU
		{92A628D4-916C-4BCF-A816-55F3B4691F26}.Release|Any CPU.ActiveCfg = Release|Any CPU
		{92A628D4-916C-4BCF-A816-55F3B4691F26}.Release|Any CPU.Build.0 = Release|Any CPU
		{B529BEE1-A649-40BD-9F21-CC1301C4E60D}.Debug|Any CPU.ActiveCfg = Debug|Any CPU
		{B529BEE1-A649-40BD-9F21-CC1301C4E60D}.Debug|Any CPU.Build.0 = Debug|Any CPU
		{B529BEE1-A649-40BD-9F21-CC1301C4E60D}.Release|Any CPU.ActiveCfg = Release|Any CPU
		{B529BEE1-A649-40BD-9F21-CC1301C4E60D}.Release|Any CPU.Build.0 = Release|Any CPU
	EndGlobalSection
	GlobalSection(NestedProjects) = preSolution
		{92A628D4-916C-4BCF-A816-55F3B4691F26} = {B39D8E08-2F5D-4E26-9EA8-F0413CFFF99A}
		{B529BEE1-A649-40BD-9F21-CC1301C4E60D} = {B39D8E08-2F5D-4E26-9EA8-F0413CFFF99A}
	EndGlobalSection
EndGlobal
